
Microsoft Visual Studio Solution File, Format Version 12.00
# Visual Studio Version 16
VisualStudioVersion = 16.0.30114.105
MinimumVisualStudioVersion = 10.0.40219.1
Project("{FAE04EC0-301F-11D3-BF4B-00C04F79EFBC}") = "date-now", "date-now\date-now.csproj", "{D5133577-22C3-44A6-A2E9-5E04C850F82B}"
EndProject
Project("{FAE04EC0-301F-11D3-BF4B-00C04F79EFBC}") = "date-now.Test", "date-now.Test\date-now.Test.csproj", "{FC10470D-4363-48D1-99DC-F9DF59D63BED}"
EndProject
Project("{FAE04EC0-301F-11D3-BF4B-00C04F79EFBC}") = "date-now.Test.Test", "date-now.Test.Test\date-now.Test.Test.csproj", "{9F071ED8-7D2E-4416-A2E7-ED731E325FFD}"
EndProject
Global
	GlobalSection(SolutionConfigurationPlatforms) = preSolution
		Debug|Any CPU = Debug|Any CPU
		Release|Any CPU = Release|Any CPU
	EndGlobalSection
	GlobalSection(SolutionProperties) = preSolution
		HideSolutionNode = FALSE
	EndGlobalSection
	GlobalSection(ProjectConfigurationPlatforms) = postSolution
		{D5133577-22C3-44A6-A2E9-5E04C850F82B}.Debug|Any CPU.ActiveCfg = Debug|Any CPU
		{D5133577-22C3-44A6-A2E9-5E04C850F82B}.Debug|Any CPU.Build.0 = Debug|Any CPU
		{D5133577-22C3-44A6-A2E9-5E04C850F82B}.Release|Any CPU.ActiveCfg = Release|Any CPU
		{D5133577-22C3-44A6-A2E9-5E04C850F82B}.Release|Any CPU.Build.0 = Release|Any CPU
		{FC10470D-4363-48D1-99DC-F9DF59D63BED}.Debug|Any CPU.ActiveCfg = Debug|Any CPU
		{FC10470D-4363-48D1-99DC-F9DF59D63BED}.Debug|Any CPU.Build.0 = Debug|Any CPU
		{FC10470D-4363-48D1-99DC-F9DF59D63BED}.Release|Any CPU.ActiveCfg = Release|Any CPU
		{FC10470D-4363-48D1-99DC-F9DF59D63BED}.Release|Any CPU.Build.0 = Release|Any CPU
		{9F071ED8-7D2E-4416-A2E7-ED731E325FFD}.Debug|Any CPU.ActiveCfg = Debug|Any CPU
		{9F071ED8-7D2E-4416-A2E7-ED731E325FFD}.Debug|Any CPU.Build.0 = Debug|Any CPU
		{9F071ED8-7D2E-4416-A2E7-ED731E325FFD}.Release|Any CPU.ActiveCfg = Release|Any CPU
		{9F071ED8-7D2E-4416-A2E7-ED731E325FFD}.Release|Any CPU.Build.0 = Release|Any CPU
	EndGlobalSection
EndGlobal
