
Microsoft Visual Studio Solution File, Format Version 12.00
# Visual Studio Version 16
VisualStudioVersion = 16.0.30114.105
MinimumVisualStudioVersion = 10.0.40219.1
Project("{FAE04EC0-301F-11D3-BF4B-00C04F79EFBC}") = "weatherforecast", "weatherforecast\weatherforecast.csproj", "{BA2AA880-BBEF-48E9-85CD-47741D6B68C3}"
EndProject
Project("{FAE04EC0-301F-11D3-BF4B-00C04F79EFBC}") = "weatherforecast.Test.Test", "weatherforecast.Test.Test\weatherforecast.Test.Test.csproj", "{1EEB3BB0-9BBE-4664-92A8-64A4174263F1}"
EndProject
Global
	GlobalSection(SolutionConfigurationPlatforms) = preSolution
		Debug|Any CPU = Debug|Any CPU
		Release|Any CPU = Release|Any CPU
	EndGlobalSection
	GlobalSection(SolutionProperties) = preSolution
		HideSolutionNode = FALSE
	EndGlobalSection
	GlobalSection(ProjectConfigurationPlatforms) = postSolution
		{BA2AA880-BBEF-48E9-85CD-47741D6B68C3}.Debug|Any CPU.ActiveCfg = Debug|Any CPU
		{BA2AA880-BBEF-48E9-85CD-47741D6B68C3}.Debug|Any CPU.Build.0 = Debug|Any CPU
		{BA2AA880-BBEF-48E9-85CD-47741D6B68C3}.Release|Any CPU.ActiveCfg = Release|Any CPU
		{BA2AA880-BBEF-48E9-85CD-47741D6B68C3}.Release|Any CPU.Build.0 = Release|Any CPU
		{1EEB3BB0-9BBE-4664-92A8-64A4174263F1}.Debug|Any CPU.ActiveCfg = Debug|Any CPU
		{1EEB3BB0-9BBE-4664-92A8-64A4174263F1}.Debug|Any CPU.Build.0 = Debug|Any CPU
		{1EEB3BB0-9BBE-4664-92A8-64A4174263F1}.Release|Any CPU.ActiveCfg = Release|Any CPU
		{1EEB3BB0-9BBE-4664-92A8-64A4174263F1}.Release|Any CPU.Build.0 = Release|Any CPU
	EndGlobalSection
EndGlobal
