
Microsoft Visual Studio Solution File, Format Version 12.00
# Visual Studio Version 16
VisualStudioVersion = 16.0.30114.105
MinimumVisualStudioVersion = 10.0.40219.1
Project("{FAE04EC0-301F-11D3-BF4B-00C04F79EFBC}") = "selection-process-validation", "selection-process-validation\selection-process-validation.csproj", "{2D586C12-5857-4B5A-BB2E-D339CD10ED83}"
EndProject
Project("{FAE04EC0-301F-11D3-BF4B-00C04F79EFBC}") = "selection-process-validation.Test", "selection-process-validation.Test\selection-process-validation.Test.csproj", "{C3F02A32-D0CF-4CCA-9D05-470F005B607F}"
EndProject
Project("{FAE04EC0-301F-11D3-BF4B-00C04F79EFBC}") = "selection-process-validation.Test.Test", "selection-process-validation.Test.Test\selection-process-validation.Test.Test.csproj", "{245D04DE-3C15-424F-AE03-30515933A969}"
EndProject
Global
	GlobalSection(SolutionConfigurationPlatforms) = preSolution
		Debug|Any CPU = Debug|Any CPU
		Release|Any CPU = Release|Any CPU
	EndGlobalSection
	GlobalSection(SolutionProperties) = preSolution
		HideSolutionNode = FALSE
	EndGlobalSection
	GlobalSection(ProjectConfigurationPlatforms) = postSolution
		{2D586C12-5857-4B5A-BB2E-D339CD10ED83}.Debug|Any CPU.ActiveCfg = Debug|Any CPU
		{2D586C12-5857-4B5A-BB2E-D339CD10ED83}.Debug|Any CPU.Build.0 = Debug|Any CPU
		{2D586C12-5857-4B5A-BB2E-D339CD10ED83}.Release|Any CPU.ActiveCfg = Release|Any CPU
		{2D586C12-5857-4B5A-BB2E-D339CD10ED83}.Release|Any CPU.Build.0 = Release|Any CPU
		{C3F02A32-D0CF-4CCA-9D05-470F005B607F}.Debug|Any CPU.ActiveCfg = Debug|Any CPU
		{C3F02A32-D0CF-4CCA-9D05-470F005B607F}.Debug|Any CPU.Build.0 = Debug|Any CPU
		{C3F02A32-D0CF-4CCA-9D05-470F005B607F}.Release|Any CPU.ActiveCfg = Release|Any CPU
		{C3F02A32-D0CF-4CCA-9D05-470F005B607F}.Release|Any CPU.Build.0 = Release|Any CPU
		{245D04DE-3C15-424F-AE03-30515933A969}.Debug|Any CPU.ActiveCfg = Debug|Any CPU
		{245D04DE-3C15-424F-AE03-30515933A969}.Debug|Any CPU.Build.0 = Debug|Any CPU
		{245D04DE-3C15-424F-AE03-30515933A969}.Release|Any CPU.ActiveCfg = Release|Any CPU
		{245D04DE-3C15-424F-AE03-30515933A969}.Release|Any CPU.Build.0 = Release|Any CPU
	EndGlobalSection
EndGlobal
